
Microsoft Visual Studio Solution File, Format Version 12.00
# Visual Studio Version 17
VisualStudioVersion = 17.1.32319.34
MinimumVisualStudioVersion = 10.0.40219.1
Project("{FAE04EC0-301F-11D3-BF4B-00C04F79EFBC}") = "Demo project", "Demo project\Demo project.csproj", "{B676DEA1-6090-45BF-A8F3-10549C11EAD9}"
EndProject
Global
	GlobalSection(SolutionConfigurationPlatforms) = preSolution
		Debug|Any CPU = Debug|Any CPU
		Release|Any CPU = Release|Any CPU
	EndGlobalSection
	GlobalSection(ProjectConfigurationPlatforms) = postSolution
		{B676DEA1-6090-45BF-A8F3-10549C11EAD9}.Debug|Any CPU.ActiveCfg = Debug|Any CPU
		{B676DEA1-6090-45BF-A8F3-10549C11EAD9}.Debug|Any CPU.Build.0 = Debug|Any CPU
		{B676DEA1-6090-45BF-A8F3-10549C11EAD9}.Release|Any CPU.ActiveCfg = Release|Any CPU
		{B676DEA1-6090-45BF-A8F3-10549C11EAD9}.Release|Any CPU.Build.0 = Release|Any CPU
	EndGlobalSection
	GlobalSection(SolutionProperties) = preSolution
		HideSolutionNode = FALSE
	EndGlobalSection
	GlobalSection(ExtensibilityGlobals) = postSolution
		SolutionGuid = {A928557D-6214-44FB-B9F7-1F251BEBE48A}
	EndGlobalSection
EndGlobal
